
Microsoft Visual Studio Solution File, Format Version 12.00
# Visual Studio Version 17
VisualStudioVersion = 17.11.35327.3
MinimumVisualStudioVersion = 10.0.40219.1
Project("{FAE04EC0-301F-11D3-BF4B-00C04F79EFBC}") = "WhiteLagoon.Web", "WhiteLagoon.Web\WhiteLagoon.Web.csproj", "{EB5D600D-37E9-47A0-9D85-12FF2FFB063C}"
EndProject
Global
	GlobalSection(SolutionConfigurationPlatforms) = preSolution
		Debug|Any CPU = Debug|Any CPU
		Release|Any CPU = Release|Any CPU
	EndGlobalSection
	GlobalSection(ProjectConfigurationPlatforms) = postSolution
		{EB5D600D-37E9-47A0-9D85-12FF2FFB063C}.Debug|Any CPU.ActiveCfg = Debug|Any CPU
		{EB5D600D-37E9-47A0-9D85-12FF2FFB063C}.Debug|Any CPU.Build.0 = Debug|Any CPU
		{EB5D600D-37E9-47A0-9D85-12FF2FFB063C}.Release|Any CPU.ActiveCfg = Release|Any CPU
		{EB5D600D-37E9-47A0-9D85-12FF2FFB063C}.Release|Any CPU.Build.0 = Release|Any CPU
	EndGlobalSection
	GlobalSection(SolutionProperties) = preSolution
		HideSolutionNode = FALSE
	EndGlobalSection
	GlobalSection(ExtensibilityGlobals) = postSolution
		SolutionGuid = {463FD9FD-5775-4047-9AEF-920A0D4A7AD7}
	EndGlobalSection
EndGlobal
